
Microsoft Visual Studio Solution File, Format Version 12.00
# Visual Studio Version 16
VisualStudioVersion = 16.0.29424.173
MinimumVisualStudioVersion = 10.0.40219.1
Project("{FAE04EC0-301F-11D3-BF4B-00C04F79EFBC}") = "MyPersonalWeb.Common", "MyPersonalWeb.Common\MyPersonalWeb.Common.csproj", "{CA1409E7-41EC-4434-89BE-0CD0A29B0D47}"
EndProject
Project("{FAE04EC0-301F-11D3-BF4B-00C04F79EFBC}") = "MyPersonalWeb.Web", "MyPersonalWeb.Web\MyPersonalWeb.Web.csproj", "{914B5581-3740-4C90-9E5F-F268473D8BEA}"
EndProject
Global
	GlobalSection(SolutionConfigurationPlatforms) = preSolution
		Debug|Any CPU = Debug|Any CPU
		Release|Any CPU = Release|Any CPU
	EndGlobalSection
	GlobalSection(ProjectConfigurationPlatforms) = postSolution
		{CA1409E7-41EC-4434-89BE-0CD0A29B0D47}.Debug|Any CPU.ActiveCfg = Debug|Any CPU
		{CA1409E7-41EC-4434-89BE-0CD0A29B0D47}.Debug|Any CPU.Build.0 = Debug|Any CPU
		{CA1409E7-41EC-4434-89BE-0CD0A29B0D47}.Release|Any CPU.ActiveCfg = Release|Any CPU
		{CA1409E7-41EC-4434-89BE-0CD0A29B0D47}.Release|Any CPU.Build.0 = Release|Any CPU
		{914B5581-3740-4C90-9E5F-F268473D8BEA}.Debug|Any CPU.ActiveCfg = Debug|Any CPU
		{914B5581-3740-4C90-9E5F-F268473D8BEA}.Debug|Any CPU.Build.0 = Debug|Any CPU
		{914B5581-3740-4C90-9E5F-F268473D8BEA}.Release|Any CPU.ActiveCfg = Release|Any CPU
		{914B5581-3740-4C90-9E5F-F268473D8BEA}.Release|Any CPU.Build.0 = Release|Any CPU
	EndGlobalSection
	GlobalSection(SolutionProperties) = preSolution
		HideSolutionNode = FALSE
	EndGlobalSection
	GlobalSection(ExtensibilityGlobals) = postSolution
		SolutionGuid = {2E9986F3-5161-45C5-BC28-3943574B3BEA}
	EndGlobalSection
EndGlobal
